// !$*UTF8*$!
{
	archiveVersion = 1;
	classes = {
	};
	objectVersion = 51;
	objects = {

/* Begin PBXBuildFile section */
		656D1B4A244695E20050C23B /* AppDelegate.swift in Sources */ = {isa = PBXBuildFile; fileRef = 656D1B49244695E20050C23B /* AppDelegate.swift */; };
		656D1B4C244695E20050C23B /* SceneDelegate.swift in Sources */ = {isa = PBXBuildFile; fileRef = 656D1B4B244695E20050C23B /* SceneDelegate.swift */; };
		656D1B4E244695E20050C23B /* HomeView.swift in Sources */ = {isa = PBXBuildFile; fileRef = 656D1B4D244695E20050C23B /* HomeView.swift */; };
		656D1B50244695E30050C23B /* Assets.xcassets in Resources */ = {isa = PBXBuildFile; fileRef = 656D1B4F244695E30050C23B /* Assets.xcassets */; };
		656D1B53244695E30050C23B /* Preview Assets.xcassets in Resources */ = {isa = PBXBuildFile; fileRef = 656D1B52244695E30050C23B /* Preview Assets.xcassets */; };
		656D1B56244695E30050C23B /* LaunchScreen.storyboard in Resources */ = {isa = PBXBuildFile; fileRef = 656D1B54244695E30050C23B /* LaunchScreen.storyboard */; };
		656D1B5E244697110050C23B /* GoogleService-Info.plist in Resources */ = {isa = PBXBuildFile; fileRef = 656D1B5D244697110050C23B /* GoogleService-Info.plist */; };
		656D1B60244699330050C23B /* Drink.swift in Sources */ = {isa = PBXBuildFile; fileRef = 656D1B5F244699330050C23B /* Drink.swift */; };
		656D1B6224469A730050C23B /* FirebaseReference.swift in Sources */ = {isa = PBXBuildFile; fileRef = 656D1B6124469A730050C23B /* FirebaseReference.swift */; };
		656D1B6424469B110050C23B /* Constants.swift in Sources */ = {isa = PBXBuildFile; fileRef = 656D1B6324469B110050C23B /* Constants.swift */; };
		656D1B682446A16C0050C23B /* DrinkRow.swift in Sources */ = {isa = PBXBuildFile; fileRef = 656D1B672446A16C0050C23B /* DrinkRow.swift */; };
		656D1B6A2446A31B0050C23B /* DrinkItem.swift in Sources */ = {isa = PBXBuildFile; fileRef = 656D1B692446A31B0050C23B /* DrinkItem.swift */; };
		656D1B6C2446A7B60050C23B /* DrinkListener.swift in Sources */ = {isa = PBXBuildFile; fileRef = 656D1B6B2446A7B60050C23B /* DrinkListener.swift */; };
		65757F972446B345002A63E8 /* OrderBasket.swift in Sources */ = {isa = PBXBuildFile; fileRef = 65757F962446B345002A63E8 /* OrderBasket.swift */; };
		65757F992446B7A2002A63E8 /* BasketListener.swift in Sources */ = {isa = PBXBuildFile; fileRef = 65757F982446B7A2002A63E8 /* BasketListener.swift */; };
		65757F9B2446BC88002A63E8 /* OrderBasketView.swift in Sources */ = {isa = PBXBuildFile; fileRef = 65757F9A2446BC88002A63E8 /* OrderBasketView.swift */; };
		65757F9D2446BF08002A63E8 /* Extensions.swift in Sources */ = {isa = PBXBuildFile; fileRef = 65757F9C2446BF08002A63E8 /* Extensions.swift */; };
		65757F9F2446C15B002A63E8 /* CheckoutView.swift in Sources */ = {isa = PBXBuildFile; fileRef = 65757F9E2446C15B002A63E8 /* CheckoutView.swift */; };
		65AB592C2446AC2300068778 /* DrinkDetail.swift in Sources */ = {isa = PBXBuildFile; fileRef = 65AB592B2446AC2300068778 /* DrinkDetail.swift */; };
		ECF2B358D3C11FE84679A2FB /* Pods_CoffeeOrder_sampel.framework in Frameworks */ = {isa = PBXBuildFile; fileRef = DCAF803A275026B8BA3BE8F6 /* Pods_CoffeeOrder_sampel.framework */; };
/* End PBXBuildFile section */

/* Begin PBXFileReference section */
		444D1ACD11B2B14A0AB360B9 /* Pods-CoffeeOrder_sampel.release.xcconfig */ = {isa = PBXFileReference; includeInIndex = 1; lastKnownFileType = text.xcconfig; name = "Pods-CoffeeOrder_sampel.release.xcconfig"; path = "Target Support Files/Pods-CoffeeOrder_sampel/Pods-CoffeeOrder_sampel.release.xcconfig"; sourceTree = "<group>"; };
		656D1B46244695E20050C23B /* CoffeeOrder_sampel.app */ = {isa = PBXFileReference; explicitFileType = wrapper.application; includeInIndex = 0; path = CoffeeOrder_sampel.app; sourceTree = BUILT_PRODUCTS_DIR; };
		656D1B49244695E20050C23B /* AppDelegate.swift */ = {isa = PBXFileReference; lastKnownFileType = sourcecode.swift; path = AppDelegate.swift; sourceTree = "<group>"; };
		656D1B4B244695E20050C23B /* SceneDelegate.swift */ = {isa = PBXFileReference; lastKnownFileType = sourcecode.swift; path = SceneDelegate.swift; sourceTree = "<group>"; };
		656D1B4D244695E20050C23B /* HomeView.swift */ = {isa = PBXFileReference; lastKnownFileType = sourcecode.swift; path = HomeView.swift; sourceTree = "<group>"; };
		656D1B4F244695E30050C23B /* Assets.xcassets */ = {isa = PBXFileReference; lastKnownFileType = folder.assetcatalog; path = Assets.xcassets; sourceTree = "<group>"; };
		656D1B52244695E30050C23B /* Preview Assets.xcassets */ = {isa = PBXFileReference; lastKnownFileType = folder.assetcatalog; path = "Preview Assets.xcassets"; sourceTree = "<group>"; };
		656D1B55244695E30050C23B /* Base */ = {isa = PBXFileReference; lastKnownFileType = file.storyboard; name = Base; path = Base.lproj/LaunchScreen.storyboard; sourceTree = "<group>"; };
		656D1B57244695E30050C23B /* Info.plist */ = {isa = PBXFileReference; lastKnownFileType = text.plist.xml; path = Info.plist; sourceTree = "<group>"; };
		656D1B5D244697110050C23B /* GoogleService-Info.plist */ = {isa = PBXFileReference; fileEncoding = 4; lastKnownFileType = text.plist.xml; path = "GoogleService-Info.plist"; sourceTree = "<group>"; };
		656D1B5F244699330050C23B /* Drink.swift */ = {isa = PBXFileReference; lastKnownFileType = sourcecode.swift; path = Drink.swift; sourceTree = "<group>"; };
		656D1B6124469A730050C23B /* FirebaseReference.swift */ = {isa = PBXFileReference; lastKnownFileType = sourcecode.swift; path = FirebaseReference.swift; sourceTree = "<group>"; };
		656D1B6324469B110050C23B /* Constants.swift */ = {isa = PBXFileReference; lastKnownFileType = sourcecode.swift; path = Constants.swift; sourceTree = "<group>"; };
		656D1B672446A16C0050C23B /* DrinkRow.swift */ = {isa = PBXFileReference; lastKnownFileType = sourcecode.swift; path = DrinkRow.swift; sourceTree = "<group>"; };
		656D1B692446A31B0050C23B /* DrinkItem.swift */ = {isa = PBXFileReference; lastKnownFileType = sourcecode.swift; path = DrinkItem.swift; sourceTree = "<group>"; };
		656D1B6B2446A7B60050C23B /* DrinkListener.swift */ = {isa = PBXFileReference; lastKnownFileType = sourcecode.swift; path = DrinkListener.swift; sourceTree = "<group>"; };
		65757F962446B345002A63E8 /* OrderBasket.swift */ = {isa = PBXFileReference; lastKnownFileType = sourcecode.swift; path = OrderBasket.swift; sourceTree = "<group>"; };
		65757F982446B7A2002A63E8 /* BasketListener.swift */ = {isa = PBXFileReference; lastKnownFileType = sourcecode.swift; path = BasketListener.swift; sourceTree = "<group>"; };
		65757F9A2446BC88002A63E8 /* OrderBasketView.swift */ = {isa = PBXFileReference; lastKnownFileType = sourcecode.swift; path = OrderBasketView.swift; sourceTree = "<group>"; };
		65757F9C2446BF08002A63E8 /* Extensions.swift */ = {isa = PBXFileReference; lastKnownFileType = sourcecode.swift; path = Extensions.swift; sourceTree = "<group>"; };
		65757F9E2446C15B002A63E8 /* CheckoutView.swift */ = {isa = PBXFileReference; lastKnownFileType = sourcecode.swift; path = CheckoutView.swift; sourceTree = "<group>"; };
		65AB592B2446AC2300068778 /* DrinkDetail.swift */ = {isa = PBXFileReference; lastKnownFileType = sourcecode.swift; path = DrinkDetail.swift; sourceTree = "<group>"; };
		6EAE3F448604C9C6C3555F53 /* Pods-CoffeeOrder_sampel.debug.xcconfig */ = {isa = PBXFileReference; includeInIndex = 1; lastKnownFileType = text.xcconfig; name = "Pods-CoffeeOrder_sampel.debug.xcconfig"; path = "Target Support Files/Pods-CoffeeOrder_sampel/Pods-CoffeeOrder_sampel.debug.xcconfig"; sourceTree = "<group>"; };
		DCAF803A275026B8BA3BE8F6 /* Pods_CoffeeOrder_sampel.framework */ = {isa = PBXFileReference; explicitFileType = wrapper.framework; includeInIndex = 0; path = Pods_CoffeeOrder_sampel.framework; sourceTree = BUILT_PRODUCTS_DIR; };
/* End PBXFileReference section */

/* Begin PBXFrameworksBuildPhase section */
		656D1B43244695E20050C23B /* Frameworks */ = {
			isa = PBXFrameworksBuildPhase;
			buildActionMask = 2147483647;
			files = (
				ECF2B358D3C11FE84679A2FB /* Pods_CoffeeOrder_sampel.framework in Frameworks */,
			);
			runOnlyForDeploymentPostprocessing = 0;
		};
/* End PBXFrameworksBuildPhase section */

/* Begin PBXGroup section */
		656D1B3D244695E20050C23B = {
			isa = PBXGroup;
			children = (
				656D1B48244695E20050C23B /* CoffeeOrder_sampel */,
				656D1B47244695E20050C23B /* Products */,
				EC75E2166C2AC2E39EA43759 /* Pods */,
				FA9089CDEC24358744C1BC68 /* Frameworks */,
			);
			sourceTree = "<group>";
		};
		656D1B47244695E20050C23B /* Products */ = {
			isa = PBXGroup;
			children = (
				656D1B46244695E20050C23B /* CoffeeOrder_sampel.app */,
			);
			name = Products;
			sourceTree = "<group>";
		};
		656D1B48244695E20050C23B /* CoffeeOrder_sampel */ = {
			isa = PBXGroup;
			children = (
				656D1B6D2446A7CA0050C23B /* FirebaseListener */,
				656D1B6624469E750050C23B /* Helper */,
				656D1B6524469E660050C23B /* Model */,
				656D1B49244695E20050C23B /* AppDelegate.swift */,
				656D1B4B244695E20050C23B /* SceneDelegate.swift */,
				656D1B4D244695E20050C23B /* HomeView.swift */,
				656D1B4F244695E30050C23B /* Assets.xcassets */,
				656D1B54244695E30050C23B /* LaunchScreen.storyboard */,
				656D1B57244695E30050C23B /* Info.plist */,
				656D1B5D244697110050C23B /* GoogleService-Info.plist */,
				656D1B51244695E30050C23B /* Preview Content */,
				656D1B672446A16C0050C23B /* DrinkRow.swift */,
				656D1B692446A31B0050C23B /* DrinkItem.swift */,
				65AB592B2446AC2300068778 /* DrinkDetail.swift */,
				65757F9A2446BC88002A63E8 /* OrderBasketView.swift */,
				65757F9E2446C15B002A63E8 /* CheckoutView.swift */,
			);
			path = CoffeeOrder_sampel;
			sourceTree = "<group>";
		};
		656D1B51244695E30050C23B /* Preview Content */ = {
			isa = PBXGroup;
			children = (
				656D1B52244695E30050C23B /* Preview Assets.xcassets */,
			);
			path = "Preview Content";
			sourceTree = "<group>";
		};
		656D1B6524469E660050C23B /* Model */ = {
			isa = PBXGroup;
			children = (
				656D1B5F244699330050C23B /* Drink.swift */,
				65757F962446B345002A63E8 /* OrderBasket.swift */,
			);
			path = Model;
			sourceTree = "<group>";
		};
		656D1B6624469E750050C23B /* Helper */ = {
			isa = PBXGroup;
			children = (
				656D1B6124469A730050C23B /* FirebaseReference.swift */,
				656D1B6324469B110050C23B /* Constants.swift */,
				65757F9C2446BF08002A63E8 /* Extensions.swift */,
			);
			path = Helper;
			sourceTree = "<group>";
		};
		656D1B6D2446A7CA0050C23B /* FirebaseListener */ = {
			isa = PBXGroup;
			children = (
				656D1B6B2446A7B60050C23B /* DrinkListener.swift */,
				65757F982446B7A2002A63E8 /* BasketListener.swift */,
			);
			path = FirebaseListener;
			sourceTree = "<group>";
		};
		EC75E2166C2AC2E39EA43759 /* Pods */ = {
			isa = PBXGroup;
			children = (
				6EAE3F448604C9C6C3555F53 /* Pods-CoffeeOrder_sampel.debug.xcconfig */,
				444D1ACD11B2B14A0AB360B9 /* Pods-CoffeeOrder_sampel.release.xcconfig */,
			);
			path = Pods;
			sourceTree = "<group>";
		};
		FA9089CDEC24358744C1BC68 /* Frameworks */ = {
			isa = PBXGroup;
			children = (
				DCAF803A275026B8BA3BE8F6 /* Pods_CoffeeOrder_sampel.framework */,
			);
			name = Frameworks;
			sourceTree = "<group>";
		};
/* End PBXGroup section */

/* Begin PBXNativeTarget section */
		656D1B45244695E20050C23B /* CoffeeOrder_sampel */ = {
			isa = PBXNativeTarget;
			buildConfigurationList = 656D1B5A244695E30050C23B /* Build configuration list for PBXNativeTarget "CoffeeOrder_sampel" */;
			buildPhases = (
				6AF825913C6FDBABE33ED2DD /* [CP] Check Pods Manifest.lock */,
				656D1B42244695E20050C23B /* Sources */,
				656D1B43244695E20050C23B /* Frameworks */,
				656D1B44244695E20050C23B /* Resources */,
				35257FAD1C33C02AF58E7EAA /* [CP] Embed Pods Frameworks */,
			);
			buildRules = (
			);
			dependencies = (
			);
			name = CoffeeOrder_sampel;
			productName = CoffeeOrder_sampel;
			productReference = 656D1B46244695E20050C23B /* CoffeeOrder_sampel.app */;
			productType = "com.apple.product-type.application";
		};
/* End PBXNativeTarget section */

/* Begin PBXProject section */
		656D1B3E244695E20050C23B /* Project object */ = {
			isa = PBXProject;
			attributes = {
				LastSwiftUpdateCheck = 1140;
				LastUpgradeCheck = 1140;
				ORGANIZATIONNAME = "JONGWOO JIN";
				TargetAttributes = {
					656D1B45244695E20050C23B = {
						CreatedOnToolsVersion = 11.4;
					};
				};
			};
			buildConfigurationList = 656D1B41244695E20050C23B /* Build configuration list for PBXProject "CoffeeOrder_sampel" */;
			compatibilityVersion = "Xcode 9.3";
			developmentRegion = en;
			hasScannedForEncodings = 0;
			knownRegions = (
				en,
				Base,
			);
			mainGroup = 656D1B3D244695E20050C23B;
			productRefGroup = 656D1B47244695E20050C23B /* Products */;
			projectDirPath = "";
			projectRoot = "";
			targets = (
				656D1B45244695E20050C23B /* CoffeeOrder_sampel */,
			);
		};
/* End PBXProject section */

/* Begin PBXResourcesBuildPhase section */
		656D1B44244695E20050C23B /* Resources */ = {
			isa = PBXResourcesBuildPhase;
			buildActionMask = 2147483647;
			files = (
				656D1B56244695E30050C23B /* LaunchScreen.storyboard in Resources */,
				656D1B5E244697110050C23B /* GoogleService-Info.plist in Resources */,
				656D1B53244695E30050C23B /* Preview Assets.xcassets in Resources */,
				656D1B50244695E30050C23B /* Assets.xcassets in Resources */,
			);
			runOnlyForDeploymentPostprocessing = 0;
		};
/* End PBXResourcesBuildPhase section */

/* Begin PBXShellScriptBuildPhase section */
		35257FAD1C33C02AF58E7EAA /* [CP] Embed Pods Frameworks */ = {
			isa = PBXShellScriptBuildPhase;
			buildActionMask = 2147483647;
			files = (
			);
			inputFileListPaths = (
				"${PODS_ROOT}/Target Support Files/Pods-CoffeeOrder_sampel/Pods-CoffeeOrder_sampel-frameworks-${CONFIGURATION}-input-files.xcfilelist",
			);
			name = "[CP] Embed Pods Frameworks";
			outputFileListPaths = (
				"${PODS_ROOT}/Target Support Files/Pods-CoffeeOrder_sampel/Pods-CoffeeOrder_sampel-frameworks-${CONFIGURATION}-output-files.xcfilelist",
			);
			runOnlyForDeploymentPostprocessing = 0;
			shellPath = /bin/sh;
			shellScript = "\"${PODS_ROOT}/Target Support Files/Pods-CoffeeOrder_sampel/Pods-CoffeeOrder_sampel-frameworks.sh\"\n";
			showEnvVarsInLog = 0;
		};
		6AF825913C6FDBABE33ED2DD /* [CP] Check Pods Manifest.lock */ = {
			isa = PBXShellScriptBuildPhase;
			buildActionMask = 2147483647;
			files = (
			);
			inputFileListPaths = (
			);
			inputPaths = (
				"${PODS_PODFILE_DIR_PATH}/Podfile.lock",
				"${PODS_ROOT}/Manifest.lock",
			);
			name = "[CP] Check Pods Manifest.lock";
			outputFileListPaths = (
			);
			outputPaths = (
				"$(DERIVED_FILE_DIR)/Pods-CoffeeOrder_sampel-checkManifestLockResult.txt",
			);
			runOnlyForDeploymentPostprocessing = 0;
			shellPath = /bin/sh;
			shellScript = "diff \"${PODS_PODFILE_DIR_PATH}/Podfile.lock\" \"${PODS_ROOT}/Manifest.lock\" > /dev/null\nif [ $? != 0 ] ; then\n    # print error to STDERR\n    echo \"error: The sandbox is not in sync with the Podfile.lock. Run 'pod install' or update your CocoaPods installation.\" >&2\n    exit 1\nfi\n# This output is used by Xcode 'outputs' to avoid re-running this script phase.\necho \"SUCCESS\" > \"${SCRIPT_OUTPUT_FILE_0}\"\n";
			showEnvVarsInLog = 0;
		};
/* End PBXShellScriptBuildPhase section */

/* Begin PBXSourcesBuildPhase section */
		656D1B42244695E20050C23B /* Sources */ = {
			isa = PBXSourcesBuildPhase;
			buildActionMask = 2147483647;
			files = (
				65757F972446B345002A63E8 /* OrderBasket.swift in Sources */,
				656D1B6224469A730050C23B /* FirebaseReference.swift in Sources */,
				65757F9F2446C15B002A63E8 /* CheckoutView.swift in Sources */,
				656D1B6A2446A31B0050C23B /* DrinkItem.swift in Sources */,
				65757F992446B7A2002A63E8 /* BasketListener.swift in Sources */,
				656D1B4A244695E20050C23B /* AppDelegate.swift in Sources */,
				65757F9B2446BC88002A63E8 /* OrderBasketView.swift in Sources */,
				656D1B682446A16C0050C23B /* DrinkRow.swift in Sources */,
				656D1B6C2446A7B60050C23B /* DrinkListener.swift in Sources */,
				656D1B4C244695E20050C23B /* SceneDelegate.swift in Sources */,
				656D1B60244699330050C23B /* Drink.swift in Sources */,
				65AB592C2446AC2300068778 /* DrinkDetail.swift in Sources */,
				656D1B4E244695E20050C23B /* HomeView.swift in Sources */,
				656D1B6424469B110050C23B /* Constants.swift in Sources */,
				65757F9D2446BF08002A63E8 /* Extensions.swift in Sources */,
			);
			runOnlyForDeploymentPostprocessing = 0;
		};
/* End PBXSourcesBuildPhase section */

/* Begin PBXVariantGroup section */
		656D1B54244695E30050C23B /* LaunchScreen.storyboard */ = {
			isa = PBXVariantGroup;
			children = (
				656D1B55244695E30050C23B /* Base */,
			);
			name = LaunchScreen.storyboard;
			sourceTree = "<group>";
		};
/* End PBXVariantGroup section */

/* Begin XCBuildConfiguration section */
		656D1B58244695E30050C23B /* Debug */ = {
			isa = XCBuildConfiguration;
			buildSettings = {
				ALWAYS_SEARCH_USER_PATHS = NO;
				CLANG_ANALYZER_NONNULL = YES;
				CLANG_ANALYZER_NUMBER_OBJECT_CONVERSION = YES_AGGRESSIVE;
				CLANG_CXX_LANGUAGE_STANDARD = "gnu++14";
				CLANG_CXX_LIBRARY = "libc++";
				CLANG_ENABLE_MODULES = YES;
				CLANG_ENABLE_OBJC_ARC = YES;
				CLANG_ENABLE_OBJC_WEAK = YES;
				CLANG_WARN_BLOCK_CAPTURE_AUTORELEASING = YES;
				CLANG_WARN_BOOL_CONVERSION = YES;
				CLANG_WARN_COMMA = YES;
				CLANG_WARN_CONSTANT_CONVERSION = YES;
				CLANG_WARN_DEPRECATED_OBJC_IMPLEMENTATIONS = YES;
				CLANG_WARN_DIRECT_OBJC_ISA_USAGE = YES_ERROR;
				CLANG_WARN_DOCUMENTATION_COMMENTS = YES;
				CLANG_WARN_EMPTY_BODY = YES;
				CLANG_WARN_ENUM_CONVERSION = YES;
				CLANG_WARN_INFINITE_RECURSION = YES;
				CLANG_WARN_INT_CONVERSION = YES;
				CLANG_WARN_NON_LITERAL_NULL_CONVERSION = YES;
				CLANG_WARN_OBJC_IMPLICIT_RETAIN_SELF = YES;
				CLANG_WARN_OBJC_LITERAL_CONVERSION = YES;
				CLANG_WARN_OBJC_ROOT_CLASS = YES_ERROR;
				CLANG_WARN_RANGE_LOOP_ANALYSIS = YES;
				CLANG_WARN_STRICT_PROTOTYPES = YES;
				CLANG_WARN_SUSPICIOUS_MOVE = YES;
				CLANG_WARN_UNGUARDED_AVAILABILITY = YES_AGGRESSIVE;
				CLANG_WARN_UNREACHABLE_CODE = YES;
				CLANG_WARN__DUPLICATE_METHOD_MATCH = YES;
				COPY_PHASE_STRIP = NO;
				DEBUG_INFORMATION_FORMAT = dwarf;
				ENABLE_STRICT_OBJC_MSGSEND = YES;
				ENABLE_TESTABILITY = YES;
				GCC_C_LANGUAGE_STANDARD = gnu11;
				GCC_DYNAMIC_NO_PIC = NO;
				GCC_NO_COMMON_BLOCKS = YES;
				GCC_OPTIMIZATION_LEVEL = 0;
				GCC_PREPROCESSOR_DEFINITIONS = (
					"DEBUG=1",
					"$(inherited)",
				);
				GCC_WARN_64_TO_32_BIT_CONVERSION = YES;
				GCC_WARN_ABOUT_RETURN_TYPE = YES_ERROR;
				GCC_WARN_UNDECLARED_SELECTOR = YES;
				GCC_WARN_UNINITIALIZED_AUTOS = YES_AGGRESSIVE;
				GCC_WARN_UNUSED_FUNCTION = YES;
				GCC_WARN_UNUSED_VARIABLE = YES;
				IPHONEOS_DEPLOYMENT_TARGET = 13.4;
				MTL_ENABLE_DEBUG_INFO = INCLUDE_SOURCE;
				MTL_FAST_MATH = YES;
				ONLY_ACTIVE_ARCH = YES;
				SDKROOT = iphoneos;
				SWIFT_ACTIVE_COMPILATION_CONDITIONS = DEBUG;
				SWIFT_OPTIMIZATION_LEVEL = "-Onone";
			};
			name = Debug;
		};
		656D1B59244695E30050C23B /* Release */ = {
			isa = XCBuildConfiguration;
			buildSettings = {
				ALWAYS_SEARCH_USER_PATHS = NO;
				CLANG_ANALYZER_NONNULL = YES;
				CLANG_ANALYZER_NUMBER_OBJECT_CONVERSION = YES_AGGRESSIVE;
				CLANG_CXX_LANGUAGE_STANDARD = "gnu++14";
				CLANG_CXX_LIBRARY = "libc++";
				CLANG_ENABLE_MODULES = YES;
				CLANG_ENABLE_OBJC_ARC = YES;
				CLANG_ENABLE_OBJC_WEAK = YES;
				CLANG_WARN_BLOCK_CAPTURE_AUTORELEASING = YES;
				CLANG_WARN_BOOL_CONVERSION = YES;
				CLANG_WARN_COMMA = YES;
				CLANG_WARN_CONSTANT_CONVERSION = YES;
				CLANG_WARN_DEPRECATED_OBJC_IMPLEMENTATIONS = YES;
				CLANG_WARN_DIRECT_OBJC_ISA_USAGE = YES_ERROR;
				CLANG_WARN_DOCUMENTATION_COMMENTS = YES;
				CLANG_WARN_EMPTY_BODY = YES;
				CLANG_WARN_ENUM_CONVERSION = YES;
				CLANG_WARN_INFINITE_RECURSION = YES;
				CLANG_WARN_INT_CONVERSION = YES;
				CLANG_WARN_NON_LITERAL_NULL_CONVERSION = YES;
				CLANG_WARN_OBJC_IMPLICIT_RETAIN_SELF = YES;
				CLANG_WARN_OBJC_LITERAL_CONVERSION = YES;
				CLANG_WARN_OBJC_ROOT_CLASS = YES_ERROR;
				CLANG_WARN_RANGE_LOOP_ANALYSIS = YES;
				CLANG_WARN_STRICT_PROTOTYPES = YES;
				CLANG_WARN_SUSPICIOUS_MOVE = YES;
				CLANG_WARN_UNGUARDED_AVAILABILITY = YES_AGGRESSIVE;
				CLANG_WARN_UNREACHABLE_CODE = YES;
				CLANG_WARN__DUPLICATE_METHOD_MATCH = YES;
				COPY_PHASE_STRIP = NO;
				DEBUG_INFORMATION_FORMAT = "dwarf-with-dsym";
				ENABLE_NS_ASSERTIONS = NO;
				ENABLE_STRICT_OBJC_MSGSEND = YES;
				GCC_C_LANGUAGE_STANDARD = gnu11;
				GCC_NO_COMMON_BLOCKS = YES;
				GCC_WARN_64_TO_32_BIT_CONVERSION = YES;
				GCC_WARN_ABOUT_RETURN_TYPE = YES_ERROR;
				GCC_WARN_UNDECLARED_SELECTOR = YES;
				GCC_WARN_UNINITIALIZED_AUTOS = YES_AGGRESSIVE;
				GCC_WARN_UNUSED_FUNCTION = YES;
				GCC_WARN_UNUSED_VARIABLE = YES;
				IPHONEOS_DEPLOYMENT_TARGET = 13.4;
				MTL_ENABLE_DEBUG_INFO = NO;
				MTL_FAST_MATH = YES;
				SDKROOT = iphoneos;
				SWIFT_COMPILATION_MODE = wholemodule;
				SWIFT_OPTIMIZATION_LEVEL = "-O";
				VALIDATE_PRODUCT = YES;
			};
			name = Release;
		};
		656D1B5B244695E30050C23B /* Debug */ = {
			isa = XCBuildConfiguration;
			baseConfigurationReference = 6EAE3F448604C9C6C3555F53 /* Pods-CoffeeOrder_sampel.debug.xcconfig */;
			buildSettings = {
				ASSETCATALOG_COMPILER_APPICON_NAME = AppIcon;
				CODE_SIGN_STYLE = Automatic;
				DEVELOPMENT_ASSET_PATHS = "\"CoffeeOrder_sampel/Preview Content\"";
				DEVELOPMENT_TEAM = 2822CJ3WHD;
				ENABLE_PREVIEWS = YES;
				INFOPLIST_FILE = CoffeeOrder_sampel/Info.plist;
				LD_RUNPATH_SEARCH_PATHS = (
					"$(inherited)",
					"@executable_path/Frameworks",
				);
				PRODUCT_BUNDLE_IDENTIFIER = "a1824jj.CoffeeOrder-sampel";
				PRODUCT_NAME = "$(TARGET_NAME)";
				SWIFT_VERSION = 5.0;
				TARGETED_DEVICE_FAMILY = "1,2";
			};
			name = Debug;
		};
		656D1B5C244695E30050C23B /* Release */ = {
			isa = XCBuildConfiguration;
			baseConfigurationReference = 444D1ACD11B2B14A0AB360B9 /* Pods-CoffeeOrder_sampel.release.xcconfig */;
			buildSettings = {
				ASSETCATALOG_COMPILER_APPICON_NAME = AppIcon;
				CODE_SIGN_STYLE = Automatic;
				DEVELOPMENT_ASSET_PATHS = "\"CoffeeOrder_sampel/Preview Content\"";
				DEVELOPMENT_TEAM = 2822CJ3WHD;
				ENABLE_PREVIEWS = YES;
				INFOPLIST_FILE = CoffeeOrder_sampel/Info.plist;
				LD_RUNPATH_SEARCH_PATHS = (
					"$(inherited)",
					"@executable_path/Frameworks",
				);
				PRODUCT_BUNDLE_IDENTIFIER = "a1824jj.CoffeeOrder-sampel";
				PRODUCT_NAME = "$(TARGET_NAME)";
				SWIFT_VERSION = 5.0;
				TARGETED_DEVICE_FAMILY = "1,2";
			};
			name = Release;
		};
/* End XCBuildConfiguration section */

/* Begin XCConfigurationList section */
		656D1B41244695E20050C23B /* Build configuration list for PBXProject "CoffeeOrder_sampel" */ = {
			isa = XCConfigurationList;
			buildConfigurations = (
				656D1B58244695E30050C23B /* Debug */,
				656D1B59244695E30050C23B /* Release */,
			);
			defaultConfigurationIsVisible = 0;
			defaultConfigurationName = Release;
		};
		656D1B5A244695E30050C23B /* Build configuration list for PBXNativeTarget "CoffeeOrder_sampel" */ = {
			isa = XCConfigurationList;
			buildConfigurations = (
				656D1B5B244695E30050C23B /* Debug */,
				656D1B5C244695E30050C23B /* Release */,
			);
			defaultConfigurationIsVisible = 0;
			defaultConfigurationName = Release;
		};
/* End XCConfigurationList section */
	};
	rootObject = 656D1B3E244695E20050C23B /* Project object */;
}
